
Microsoft Visual Studio Solution File, Format Version 12.00
# Visual Studio 2013
VisualStudioVersion = 12.0.30723.0
MinimumVisualStudioVersion = 10.0.40219.1
Project("{FAE04EC0-301F-11D3-BF4B-00C04F79EFBC}") = "HealthStream.Data", "HealthStream.Data\HealthStream.Data.csproj", "{E51351F0-A972-49F0-9F3F-1E9B29B0938B}"
EndProject
Project("{00D1A9C2-B5F0-4AF3-8072-F6C62B433612}") = "HealthStream.Sql", "HealthStream.Sql\HealthStream.Sql.sqlproj", "{8B89CD41-5779-471C-94A7-A5A8EF41DD7C}"
EndProject
Project("{FAE04EC0-301F-11D3-BF4B-00C04F79EFBC}") = "HealthStream.Services", "HealthStream.Services\HealthStream.Services.csproj", "{D6BA3197-69D4-480A-AB69-6674B7446435}"
EndProject
Project("{FAE04EC0-301F-11D3-BF4B-00C04F79EFBC}") = "HealthStream.Api", "HealthStream.Api\HealthStream.Api.csproj", "{132D0A37-4799-4984-B6D0-63F7EAF2A7BE}"
EndProject
Project("{FAE04EC0-301F-11D3-BF4B-00C04F79EFBC}") = "HealthStream.Web", "HealthStream.Web\HealthStream.Web.csproj", "{F01A903A-FC41-47C8-B891-64535C22E3AB}"
EndProject
Project("{FAE04EC0-301F-11D3-BF4B-00C04F79EFBC}") = "HealthStream.Tests", "HealthStream.Tests\HealthStream.Tests.csproj", "{9A89EB1A-CFEE-4060-A123-0844786008CB}"
EndProject
Global
	GlobalSection(SolutionConfigurationPlatforms) = preSolution
		Debug|Any CPU = Debug|Any CPU
		Release|Any CPU = Release|Any CPU
	EndGlobalSection
	GlobalSection(ProjectConfigurationPlatforms) = postSolution
		{E51351F0-A972-49F0-9F3F-1E9B29B0938B}.Debug|Any CPU.ActiveCfg = Debug|Any CPU
		{E51351F0-A972-49F0-9F3F-1E9B29B0938B}.Debug|Any CPU.Build.0 = Debug|Any CPU
		{E51351F0-A972-49F0-9F3F-1E9B29B0938B}.Release|Any CPU.ActiveCfg = Release|Any CPU
		{E51351F0-A972-49F0-9F3F-1E9B29B0938B}.Release|Any CPU.Build.0 = Release|Any CPU
		{8B89CD41-5779-471C-94A7-A5A8EF41DD7C}.Debug|Any CPU.ActiveCfg = Debug|Any CPU
		{8B89CD41-5779-471C-94A7-A5A8EF41DD7C}.Debug|Any CPU.Build.0 = Debug|Any CPU
		{8B89CD41-5779-471C-94A7-A5A8EF41DD7C}.Debug|Any CPU.Deploy.0 = Debug|Any CPU
		{8B89CD41-5779-471C-94A7-A5A8EF41DD7C}.Release|Any CPU.ActiveCfg = Release|Any CPU
		{8B89CD41-5779-471C-94A7-A5A8EF41DD7C}.Release|Any CPU.Build.0 = Release|Any CPU
		{8B89CD41-5779-471C-94A7-A5A8EF41DD7C}.Release|Any CPU.Deploy.0 = Release|Any CPU
		{D6BA3197-69D4-480A-AB69-6674B7446435}.Debug|Any CPU.ActiveCfg = Debug|Any CPU
		{D6BA3197-69D4-480A-AB69-6674B7446435}.Debug|Any CPU.Build.0 = Debug|Any CPU
		{D6BA3197-69D4-480A-AB69-6674B7446435}.Release|Any CPU.ActiveCfg = Release|Any CPU
		{D6BA3197-69D4-480A-AB69-6674B7446435}.Release|Any CPU.Build.0 = Release|Any CPU
		{132D0A37-4799-4984-B6D0-63F7EAF2A7BE}.Debug|Any CPU.ActiveCfg = Debug|Any CPU
		{132D0A37-4799-4984-B6D0-63F7EAF2A7BE}.Debug|Any CPU.Build.0 = Debug|Any CPU
		{132D0A37-4799-4984-B6D0-63F7EAF2A7BE}.Release|Any CPU.ActiveCfg = Release|Any CPU
		{132D0A37-4799-4984-B6D0-63F7EAF2A7BE}.Release|Any CPU.Build.0 = Release|Any CPU
		{F01A903A-FC41-47C8-B891-64535C22E3AB}.Debug|Any CPU.ActiveCfg = Debug|Any CPU
		{F01A903A-FC41-47C8-B891-64535C22E3AB}.Debug|Any CPU.Build.0 = Debug|Any CPU
		{F01A903A-FC41-47C8-B891-64535C22E3AB}.Release|Any CPU.ActiveCfg = Release|Any CPU
		{F01A903A-FC41-47C8-B891-64535C22E3AB}.Release|Any CPU.Build.0 = Release|Any CPU
		{9A89EB1A-CFEE-4060-A123-0844786008CB}.Debug|Any CPU.ActiveCfg = Debug|Any CPU
		{9A89EB1A-CFEE-4060-A123-0844786008CB}.Debug|Any CPU.Build.0 = Debug|Any CPU
		{9A89EB1A-CFEE-4060-A123-0844786008CB}.Release|Any CPU.ActiveCfg = Release|Any CPU
		{9A89EB1A-CFEE-4060-A123-0844786008CB}.Release|Any CPU.Build.0 = Release|Any CPU
	EndGlobalSection
	GlobalSection(SolutionProperties) = preSolution
		HideSolutionNode = FALSE
	EndGlobalSection
EndGlobal
